
Microsoft Visual Studio Solution File, Format Version 12.00
# Visual Studio Version 17
VisualStudioVersion = 17.8.34511.84
MinimumVisualStudioVersion = 10.0.40219.1
Project("{FAE04EC0-301F-11D3-BF4B-00C04F79EFBC}") = "Acrylicbusiness", "Acrylicbusiness\Acrylicbusiness.csproj", "{09BA6501-4CA7-4D8E-BEC6-0705A20B479F}"
EndProject
Global
	GlobalSection(SolutionConfigurationPlatforms) = preSolution
		Debug|Any CPU = Debug|Any CPU
		Release|Any CPU = Release|Any CPU
	EndGlobalSection
	GlobalSection(ProjectConfigurationPlatforms) = postSolution
		{09BA6501-4CA7-4D8E-BEC6-0705A20B479F}.Debug|Any CPU.ActiveCfg = Debug|Any CPU
		{09BA6501-4CA7-4D8E-BEC6-0705A20B479F}.Debug|Any CPU.Build.0 = Debug|Any CPU
		{09BA6501-4CA7-4D8E-BEC6-0705A20B479F}.Release|Any CPU.ActiveCfg = Release|Any CPU
		{09BA6501-4CA7-4D8E-BEC6-0705A20B479F}.Release|Any CPU.Build.0 = Release|Any CPU
	EndGlobalSection
	GlobalSection(SolutionProperties) = preSolution
		HideSolutionNode = FALSE
	EndGlobalSection
	GlobalSection(ExtensibilityGlobals) = postSolution
		SolutionGuid = {2403A64F-09EE-48BA-90A1-A9495B358C55}
	EndGlobalSection
EndGlobal
